// !$*UTF8*$!
{
	archiveVersion = 1;
	classes = {
	};
	objectVersion = 77;
	objects = {

/* Begin PBXContainerItemProxy section */
		FD65BFA42DF1BCE4008E2479 /* PBXContainerItemProxy */ = {
			isa = PBXContainerItemProxy;
			containerPortal = FD65BF852DF1BCE3008E2479 /* Project object */;
			proxyType = 1;
			remoteGlobalIDString = FD65BF8C2DF1BCE3008E2479;
			remoteInfo = CityGuideApp;
		};
		FD65BFAE2DF1BCE4008E2479 /* PBXContainerItemProxy */ = {
			isa = PBXContainerItemProxy;
			containerPortal = FD65BF852DF1BCE3008E2479 /* Project object */;
			proxyType = 1;
			remoteGlobalIDString = FD65BF8C2DF1BCE3008E2479;
			remoteInfo = CityGuideApp;
		};
/* End PBXContainerItemProxy section */

/* Begin PBXFileReference section */
		FD65BF8D2DF1BCE3008E2479 /* CityGuideApp.app */ = {isa = PBXFileReference; explicitFileType = wrapper.application; includeInIndex = 0; path = CityGuideApp.app; sourceTree = BUILT_PRODUCTS_DIR; };
		FD65BFA32DF1BCE4008E2479 /* CityGuideAppTests.xctest */ = {isa = PBXFileReference; explicitFileType = wrapper.cfbundle; includeInIndex = 0; path = CityGuideAppTests.xctest; sourceTree = BUILT_PRODUCTS_DIR; };
		FD65BFAD2DF1BCE4008E2479 /* CityGuideAppUITests.xctest */ = {isa = PBXFileReference; explicitFileType = wrapper.cfbundle; includeInIndex = 0; path = CityGuideAppUITests.xctest; sourceTree = BUILT_PRODUCTS_DIR; };
/* End PBXFileReference section */

/* Begin PBXFileSystemSynchronizedBuildFileExceptionSet section */
		FD65BFB52DF1BCE4008E2479 /* Exceptions for "CityGuideApp" folder in "CityGuideApp" target */ = {
			isa = PBXFileSystemSynchronizedBuildFileExceptionSet;
			membershipExceptions = (
				Info.plist,
			);
			target = FD65BF8C2DF1BCE3008E2479 /* CityGuideApp */;
		};
/* End PBXFileSystemSynchronizedBuildFileExceptionSet section */

/* Begin PBXFileSystemSynchronizedRootGroup section */
		FD65BF8F2DF1BCE3008E2479 /* CityGuideApp */ = {
			isa = PBXFileSystemSynchronizedRootGroup;
			exceptions = (
				FD65BFB52DF1BCE4008E2479 /* Exceptions for "CityGuideApp" folder in "CityGuideApp" target */,
			);
			path = CityGuideApp;
			sourceTree = "<group>";
		};
		FD65BFA62DF1BCE4008E2479 /* CityGuideAppTests */ = {
			isa = PBXFileSystemSynchronizedRootGroup;
			path = CityGuideAppTests;
			sourceTree = "<group>";
		};
		FD65BFB02DF1BCE4008E2479 /* CityGuideAppUITests */ = {
			isa = PBXFileSystemSynchronizedRootGroup;
			path = CityGuideAppUITests;
			sourceTree = "<group>";
		};
/* End PBXFileSystemSynchronizedRootGroup section */

/* Begin PBXFrameworksBuildPhase section */
		FD65BF8A2DF1BCE3008E2479 /* Frameworks */ = {
			isa = PBXFrameworksBuildPhase;
			buildActionMask = 2147483647;
			files = (
			);
			runOnlyForDeploymentPostprocessing = 0;
		};
		FD65BFA02DF1BCE4008E2479 /* Frameworks */ = {
			isa = PBXFrameworksBuildPhase;
			buildActionMask = 2147483647;
			files = (
			);
			runOnlyForDeploymentPostprocessing = 0;
		};
		FD65BFAA2DF1BCE4008E2479 /* Frameworks */ = {
			isa = PBXFrameworksBuildPhase;
			buildActionMask = 2147483647;
			files = (
			);
			runOnlyForDeploymentPostprocessing = 0;
		};
/* End PBXFrameworksBuildPhase section */

/* Begin PBXGroup section */
		FD65BF842DF1BCE3008E2479 = {
			isa = PBXGroup;
			children = (
				FD65BF8F2DF1BCE3008E2479 /* CityGuideApp */,
				FD65BFA62DF1BCE4008E2479 /* CityGuideAppTests */,
				FD65BFB02DF1BCE4008E2479 /* CityGuideAppUITests */,
				FD65BF8E2DF1BCE3008E2479 /* Products */,
			);
			sourceTree = "<group>";
		};
		FD65BF8E2DF1BCE3008E2479 /* Products */ = {
			isa = PBXGroup;
			children = (
				FD65BF8D2DF1BCE3008E2479 /* CityGuideApp.app */,
				FD65BFA32DF1BCE4008E2479 /* CityGuideAppTests.xctest */,
				FD65BFAD2DF1BCE4008E2479 /* CityGuideAppUITests.xctest */,
			);
			name = Products;
			sourceTree = "<group>";
		};
/* End PBXGroup section */

/* Begin PBXNativeTarget section */
		FD65BF8C2DF1BCE3008E2479 /* CityGuideApp */ = {
			isa = PBXNativeTarget;
			buildConfigurationList = FD65BFB62DF1BCE4008E2479 /* Build configuration list for PBXNativeTarget "CityGuideApp" */;
			buildPhases = (
				FD65BF892DF1BCE3008E2479 /* Sources */,
				FD65BF8A2DF1BCE3008E2479 /* Frameworks */,
				FD65BF8B2DF1BCE3008E2479 /* Resources */,
			);
			buildRules = (
			);
			dependencies = (
			);
			fileSystemSynchronizedGroups = (
				FD65BF8F2DF1BCE3008E2479 /* CityGuideApp */,
			);
			name = CityGuideApp;
			packageProductDependencies = (
			);
			productName = CityGuideApp;
			productReference = FD65BF8D2DF1BCE3008E2479 /* CityGuideApp.app */;
			productType = "com.apple.product-type.application";
		};
		FD65BFA22DF1BCE4008E2479 /* CityGuideAppTests */ = {
			isa = PBXNativeTarget;
			buildConfigurationList = FD65BFBB2DF1BCE4008E2479 /* Build configuration list for PBXNativeTarget "CityGuideAppTests" */;
			buildPhases = (
				FD65BF9F2DF1BCE4008E2479 /* Sources */,
				FD65BFA02DF1BCE4008E2479 /* Frameworks */,
				FD65BFA12DF1BCE4008E2479 /* Resources */,
			);
			buildRules = (
			);
			dependencies = (
				FD65BFA52DF1BCE4008E2479 /* PBXTargetDependency */,
			);
			fileSystemSynchronizedGroups = (
				FD65BFA62DF1BCE4008E2479 /* CityGuideAppTests */,
			);
			name = CityGuideAppTests;
			packageProductDependencies = (
			);
			productName = CityGuideAppTests;
			productReference = FD65BFA32DF1BCE4008E2479 /* CityGuideAppTests.xctest */;
			productType = "com.apple.product-type.bundle.unit-test";
		};
		FD65BFAC2DF1BCE4008E2479 /* CityGuideAppUITests */ = {
			isa = PBXNativeTarget;
			buildConfigurationList = FD65BFBE2DF1BCE4008E2479 /* Build configuration list for PBXNativeTarget "CityGuideAppUITests" */;
			buildPhases = (
				FD65BFA92DF1BCE4008E2479 /* Sources */,
				FD65BFAA2DF1BCE4008E2479 /* Frameworks */,
				FD65BFAB2DF1BCE4008E2479 /* Resources */,
			);
			buildRules = (
			);
			dependencies = (
				FD65BFAF2DF1BCE4008E2479 /* PBXTargetDependency */,
			);
			fileSystemSynchronizedGroups = (
				FD65BFB02DF1BCE4008E2479 /* CityGuideAppUITests */,
			);
			name = CityGuideAppUITests;
			packageProductDependencies = (
			);
			productName = CityGuideAppUITests;
			productReference = FD65BFAD2DF1BCE4008E2479 /* CityGuideAppUITests.xctest */;
			productType = "com.apple.product-type.bundle.ui-testing";
		};
/* End PBXNativeTarget section */

/* Begin PBXProject section */
		FD65BF852DF1BCE3008E2479 /* Project object */ = {
			isa = PBXProject;
			attributes = {
				BuildIndependentTargetsInParallel = 1;
				LastSwiftUpdateCheck = 1640;
				LastUpgradeCheck = 1640;
				TargetAttributes = {
					FD65BF8C2DF1BCE3008E2479 = {
						CreatedOnToolsVersion = 16.4;
					};
					FD65BFA22DF1BCE4008E2479 = {
						CreatedOnToolsVersion = 16.4;
						TestTargetID = FD65BF8C2DF1BCE3008E2479;
					};
					FD65BFAC2DF1BCE4008E2479 = {
						CreatedOnToolsVersion = 16.4;
						TestTargetID = FD65BF8C2DF1BCE3008E2479;
					};
				};
			};
			buildConfigurationList = FD65BF882DF1BCE3008E2479 /* Build configuration list for PBXProject "CityGuideApp" */;
			developmentRegion = en;
			hasScannedForEncodings = 0;
			knownRegions = (
				en,
				Base,
			);
			mainGroup = FD65BF842DF1BCE3008E2479;
			minimizedProjectReferenceProxies = 1;
			preferredProjectObjectVersion = 77;
			productRefGroup = FD65BF8E2DF1BCE3008E2479 /* Products */;
			projectDirPath = "";
			projectRoot = "";
			targets = (
				FD65BF8C2DF1BCE3008E2479 /* CityGuideApp */,
				FD65BFA22DF1BCE4008E2479 /* CityGuideAppTests */,
				FD65BFAC2DF1BCE4008E2479 /* CityGuideAppUITests */,
			);
		};
/* End PBXProject section */

/* Begin PBXResourcesBuildPhase section */
		FD65BF8B2DF1BCE3008E2479 /* Resources */ = {
			isa = PBXResourcesBuildPhase;
			buildActionMask = 2147483647;
			files = (
			);
			runOnlyForDeploymentPostprocessing = 0;
		};
		FD65BFA12DF1BCE4008E2479 /* Resources */ = {
			isa = PBXResourcesBuildPhase;
			buildActionMask = 2147483647;
			files = (
			);
			runOnlyForDeploymentPostprocessing = 0;
		};
		FD65BFAB2DF1BCE4008E2479 /* Resources */ = {
			isa = PBXResourcesBuildPhase;
			buildActionMask = 2147483647;
			files = (
			);
			runOnlyForDeploymentPostprocessing = 0;
		};
/* End PBXResourcesBuildPhase section */

/* Begin PBXSourcesBuildPhase section */
		FD65BF892DF1BCE3008E2479 /* Sources */ = {
			isa = PBXSourcesBuildPhase;
			buildActionMask = 2147483647;
			files = (
			);
			runOnlyForDeploymentPostprocessing = 0;
		};
		FD65BF9F2DF1BCE4008E2479 /* Sources */ = {
			isa = PBXSourcesBuildPhase;
			buildActionMask = 2147483647;
			files = (
			);
			runOnlyForDeploymentPostprocessing = 0;
		};
		FD65BFA92DF1BCE4008E2479 /* Sources */ = {
			isa = PBXSourcesBuildPhase;
			buildActionMask = 2147483647;
			files = (
			);
			runOnlyForDeploymentPostprocessing = 0;
		};
/* End PBXSourcesBuildPhase section */

/* Begin PBXTargetDependency section */
		FD65BFA52DF1BCE4008E2479 /* PBXTargetDependency */ = {
			isa = PBXTargetDependency;
			target = FD65BF8C2DF1BCE3008E2479 /* CityGuideApp */;
			targetProxy = FD65BFA42DF1BCE4008E2479 /* PBXContainerItemProxy */;
		};
		FD65BFAF2DF1BCE4008E2479 /* PBXTargetDependency */ = {
			isa = PBXTargetDependency;
			target = FD65BF8C2DF1BCE3008E2479 /* CityGuideApp */;
			targetProxy = FD65BFAE2DF1BCE4008E2479 /* PBXContainerItemProxy */;
		};
/* End PBXTargetDependency section */

/* Begin XCBuildConfiguration section */
		FD65BFB72DF1BCE4008E2479 /* Debug */ = {
			isa = XCBuildConfiguration;
			buildSettings = {
				ASSETCATALOG_COMPILER_APPICON_NAME = AppIcon;
				ASSETCATALOG_COMPILER_GLOBAL_ACCENT_COLOR_NAME = AccentColor;
				CODE_SIGN_STYLE = Automatic;
				CURRENT_PROJECT_VERSION = 1;
				GENERATE_INFOPLIST_FILE = YES;
				INFOPLIST_FILE = CityGuideApp/Info.plist;
				INFOPLIST_KEY_UIApplicationSupportsIndirectInputEvents = YES;
				INFOPLIST_KEY_UILaunchStoryboardName = LaunchScreen;
				INFOPLIST_KEY_UIMainStoryboardFile = Main;
				INFOPLIST_KEY_UISupportedInterfaceOrientations_iPad = "UIInterfaceOrientationPortrait UIInterfaceOrientationPortraitUpsideDown UIInterfaceOrientationLandscapeLeft UIInterfaceOrientationLandscapeRight";
				INFOPLIST_KEY_UISupportedInterfaceOrientations_iPhone = "UIInterfaceOrientationPortrait UIInterfaceOrientationLandscapeLeft UIInterfaceOrientationLandscapeRight";
				LD_RUNPATH_SEARCH_PATHS = (
					"$(inherited)",
					"@executable_path/Frameworks",
				);
				MARKETING_VERSION = 1.0;
				PRODUCT_BUNDLE_IDENTIFIER = wonjin.CityGuideApp;
				PRODUCT_NAME = "$(TARGET_NAME)";
				SWIFT_EMIT_LOC_STRINGS = YES;
				SWIFT_VERSION = 5.0;
				TARGETED_DEVICE_FAMILY = "1,2";
			};
			name = Debug;
		};
		FD65BFB82DF1BCE4008E2479 /* Release */ = {
			isa = XCBuildConfiguration;
			buildSettings = {
				ASSETCATALOG_COMPILER_APPICON_NAME = AppIcon;
				ASSETCATALOG_COMPILER_GLOBAL_ACCENT_COLOR_NAME = AccentColor;
				CODE_SIGN_STYLE = Automatic;
				CURRENT_PROJECT_VERSION = 1;
				GENERATE_INFOPLIST_FILE = YES;
				INFOPLIST_FILE = CityGuideApp/Info.plist;
				INFOPLIST_KEY_UIApplicationSupportsIndirectInputEvents = YES;
				INFOPLIST_KEY_UILaunchStoryboardName = LaunchScreen;
				INFOPLIST_KEY_UIMainStoryboardFile = Main;
				INFOPLIST_KEY_UISupportedInterfaceOrientations_iPad = "UIInterfaceOrientationPortrait UIInterfaceOrientationPortraitUpsideDown UIInterfaceOrientationLandscapeLeft UIInterfaceOrientationLandscapeRight";
				INFOPLIST_KEY_UISupportedInterfaceOrientations_iPhone = "UIInterfaceOrientationPortrait UIInterfaceOrientationLandscapeLeft UIInterfaceOrientationLandscapeRight";
				LD_RUNPATH_SEARCH_PATHS = (
					"$(inherited)",
					"@executable_path/Frameworks",
				);
				MARKETING_VERSION = 1.0;
				PRODUCT_BUNDLE_IDENTIFIER = wonjin.CityGuideApp;
				PRODUCT_NAME = "$(TARGET_NAME)";
				SWIFT_EMIT_LOC_STRINGS = YES;
				SWIFT_VERSION = 5.0;
				TARGETED_DEVICE_FAMILY = "1,2";
			};
			name = Release;
		};
		FD65BFB92DF1BCE4008E2479 /* Debug */ = {
			isa = XCBuildConfiguration;
			buildSettings = {
				ALWAYS_SEARCH_USER_PATHS = NO;
				ASSETCATALOG_COMPILER_GENERATE_SWIFT_ASSET_SYMBOL_EXTENSIONS = YES;
				CLANG_ANALYZER_NONNULL = YES;
				CLANG_ANALYZER_NUMBER_OBJECT_CONVERSION = YES_AGGRESSIVE;
				CLANG_CXX_LANGUAGE_STANDARD = "gnu++20";
				CLANG_ENABLE_MODULES = YES;
				CLANG_ENABLE_OBJC_ARC = YES;
				CLANG_ENABLE_OBJC_WEAK = YES;
				CLANG_WARN_BLOCK_CAPTURE_AUTORELEASING = YES;
				CLANG_WARN_BOOL_CONVERSION = YES;
				CLANG_WARN_COMMA = YES;
				CLANG_WARN_CONSTANT_CONVERSION = YES;
				CLANG_WARN_DEPRECATED_OBJC_IMPLEMENTATIONS = YES;
				CLANG_WARN_DIRECT_OBJC_ISA_USAGE = YES_ERROR;
				CLANG_WARN_DOCUMENTATION_COMMENTS = YES;
				CLANG_WARN_EMPTY_BODY = YES;
				CLANG_WARN_ENUM_CONVERSION = YES;
				CLANG_WARN_INFINITE_RECURSION = YES;
				CLANG_WARN_INT_CONVERSION = YES;
				CLANG_WARN_NON_LITERAL_NULL_CONVERSION = YES;
				CLANG_WARN_OBJC_IMPLICIT_RETAIN_SELF = YES;
				CLANG_WARN_OBJC_LITERAL_CONVERSION = YES;
				CLANG_WARN_OBJC_ROOT_CLASS = YES_ERROR;
				CLANG_WARN_QUOTED_INCLUDE_IN_FRAMEWORK_HEADER = YES;
				CLANG_WARN_RANGE_LOOP_ANALYSIS = YES;
				CLANG_WARN_STRICT_PROTOTYPES = YES;
				CLANG_WARN_SUSPICIOUS_MOVE = YES;
				CLANG_WARN_UNGUARDED_AVAILABILITY = YES_AGGRESSIVE;
				CLANG_WARN_UNREACHABLE_CODE = YES;
				CLANG_WARN__DUPLICATE_METHOD_MATCH = YES;
				COPY_PHASE_STRIP = NO;
				DEBUG_INFORMATION_FORMAT = dwarf;
				ENABLE_STRICT_OBJC_MSGSEND = YES;
				ENABLE_TESTABILITY = YES;
				ENABLE_USER_SCRIPT_SANDBOXING = YES;
				GCC_C_LANGUAGE_STANDARD = gnu17;
				GCC_DYNAMIC_NO_PIC = NO;
				GCC_NO_COMMON_BLOCKS = YES;
				GCC_OPTIMIZATION_LEVEL = 0;
				GCC_PREPROCESSOR_DEFINITIONS = (
					"DEBUG=1",
					"$(inherited)",
				);
				GCC_WARN_64_TO_32_BIT_CONVERSION = YES;
				GCC_WARN_ABOUT_RETURN_TYPE = YES_ERROR;
				GCC_WARN_UNDECLARED_SELECTOR = YES;
				GCC_WARN_UNINITIALIZED_AUTOS = YES_AGGRESSIVE;
				GCC_WARN_UNUSED_FUNCTION = YES;
				GCC_WARN_UNUSED_VARIABLE = YES;
				IPHONEOS_DEPLOYMENT_TARGET = 18.5;
				LOCALIZATION_PREFERS_STRING_CATALOGS = YES;
				MTL_ENABLE_DEBUG_INFO = INCLUDE_SOURCE;
				MTL_FAST_MATH = YES;
				ONLY_ACTIVE_ARCH = YES;
				SDKROOT = iphoneos;
				SWIFT_ACTIVE_COMPILATION_CONDITIONS = "DEBUG $(inherited)";
				SWIFT_OPTIMIZATION_LEVEL = "-Onone";
			};
			name = Debug;
		};
		FD65BFBA2DF1BCE4008E2479 /* Release */ = {
			isa = XCBuildConfiguration;
			buildSettings = {
				ALWAYS_SEARCH_USER_PATHS = NO;
				ASSETCATALOG_COMPILER_GENERATE_SWIFT_ASSET_SYMBOL_EXTENSIONS = YES;
				CLANG_ANALYZER_NONNULL = YES;
				CLANG_ANALYZER_NUMBER_OBJECT_CONVERSION = YES_AGGRESSIVE;
				CLANG_CXX_LANGUAGE_STANDARD = "gnu++20";
				CLANG_ENABLE_MODULES = YES;
				CLANG_ENABLE_OBJC_ARC = YES;
				CLANG_ENABLE_OBJC_WEAK = YES;
				CLANG_WARN_BLOCK_CAPTURE_AUTORELEASING = YES;
				CLANG_WARN_BOOL_CONVERSION = YES;
				CLANG_WARN_COMMA = YES;
				CLANG_WARN_CONSTANT_CONVERSION = YES;
				CLANG_WARN_DEPRECATED_OBJC_IMPLEMENTATIONS = YES;
				CLANG_WARN_DIRECT_OBJC_ISA_USAGE = YES_ERROR;
				CLANG_WARN_DOCUMENTATION_COMMENTS = YES;
				CLANG_WARN_EMPTY_BODY = YES;
				CLANG_WARN_ENUM_CONVERSION = YES;
				CLANG_WARN_INFINITE_RECURSION = YES;
				CLANG_WARN_INT_CONVERSION = YES;
				CLANG_WARN_NON_LITERAL_NULL_CONVERSION = YES;
				CLANG_WARN_OBJC_IMPLICIT_RETAIN_SELF = YES;
				CLANG_WARN_OBJC_LITERAL_CONVERSION = YES;
				CLANG_WARN_OBJC_ROOT_CLASS = YES_ERROR;
				CLANG_WARN_QUOTED_INCLUDE_IN_FRAMEWORK_HEADER = YES;
				CLANG_WARN_RANGE_LOOP_ANALYSIS = YES;
				CLANG_WARN_STRICT_PROTOTYPES = YES;
				CLANG_WARN_SUSPICIOUS_MOVE = YES;
				CLANG_WARN_UNGUARDED_AVAILABILITY = YES_AGGRESSIVE;
				CLANG_WARN_UNREACHABLE_CODE = YES;
				CLANG_WARN__DUPLICATE_METHOD_MATCH = YES;
				COPY_PHASE_STRIP = NO;
				DEBUG_INFORMATION_FORMAT = "dwarf-with-dsym";
				ENABLE_NS_ASSERTIONS = NO;
				ENABLE_STRICT_OBJC_MSGSEND = YES;
				ENABLE_USER_SCRIPT_SANDBOXING = YES;
				GCC_C_LANGUAGE_STANDARD = gnu17;
				GCC_NO_COMMON_BLOCKS = YES;
				GCC_WARN_64_TO_32_BIT_CONVERSION = YES;
				GCC_WARN_ABOUT_RETURN_TYPE = YES_ERROR;
				GCC_WARN_UNDECLARED_SELECTOR = YES;
				GCC_WARN_UNINITIALIZED_AUTOS = YES_AGGRESSIVE;
				GCC_WARN_UNUSED_FUNCTION = YES;
				GCC_WARN_UNUSED_VARIABLE = YES;
				IPHONEOS_DEPLOYMENT_TARGET = 18.5;
				LOCALIZATION_PREFERS_STRING_CATALOGS = YES;
				MTL_ENABLE_DEBUG_INFO = NO;
				MTL_FAST_MATH = YES;
				SDKROOT = iphoneos;
				SWIFT_COMPILATION_MODE = wholemodule;
				VALIDATE_PRODUCT = YES;
			};
			name = Release;
		};
		FD65BFBC2DF1BCE4008E2479 /* Debug */ = {
			isa = XCBuildConfiguration;
			buildSettings = {
				BUNDLE_LOADER = "$(TEST_HOST)";
				CODE_SIGN_STYLE = Automatic;
				CURRENT_PROJECT_VERSION = 1;
				GENERATE_INFOPLIST_FILE = YES;
				IPHONEOS_DEPLOYMENT_TARGET = 18.5;
				MARKETING_VERSION = 1.0;
				PRODUCT_BUNDLE_IDENTIFIER = wonjin.CityGuideAppTests;
				PRODUCT_NAME = "$(TARGET_NAME)";
				SWIFT_EMIT_LOC_STRINGS = NO;
				SWIFT_VERSION = 5.0;
				TARGETED_DEVICE_FAMILY = "1,2";
				TEST_HOST = "$(BUILT_PRODUCTS_DIR)/CityGuideApp.app/$(BUNDLE_EXECUTABLE_FOLDER_PATH)/CityGuideApp";
			};
			name = Debug;
		};
		FD65BFBD2DF1BCE4008E2479 /* Release */ = {
			isa = XCBuildConfiguration;
			buildSettings = {
				BUNDLE_LOADER = "$(TEST_HOST)";
				CODE_SIGN_STYLE = Automatic;
				CURRENT_PROJECT_VERSION = 1;
				GENERATE_INFOPLIST_FILE = YES;
				IPHONEOS_DEPLOYMENT_TARGET = 18.5;
				MARKETING_VERSION = 1.0;
				PRODUCT_BUNDLE_IDENTIFIER = wonjin.CityGuideAppTests;
				PRODUCT_NAME = "$(TARGET_NAME)";
				SWIFT_EMIT_LOC_STRINGS = NO;
				SWIFT_VERSION = 5.0;
				TARGETED_DEVICE_FAMILY = "1,2";
				TEST_HOST = "$(BUILT_PRODUCTS_DIR)/CityGuideApp.app/$(BUNDLE_EXECUTABLE_FOLDER_PATH)/CityGuideApp";
			};
			name = Release;
		};
		FD65BFBF2DF1BCE4008E2479 /* Debug */ = {
			isa = XCBuildConfiguration;
			buildSettings = {
				CODE_SIGN_STYLE = Automatic;
				CURRENT_PROJECT_VERSION = 1;
				GENERATE_INFOPLIST_FILE = YES;
				MARKETING_VERSION = 1.0;
				PRODUCT_BUNDLE_IDENTIFIER = wonjin.CityGuideAppUITests;
				PRODUCT_NAME = "$(TARGET_NAME)";
				SWIFT_EMIT_LOC_STRINGS = NO;
				SWIFT_VERSION = 5.0;
				TARGETED_DEVICE_FAMILY = "1,2";
				TEST_TARGET_NAME = CityGuideApp;
			};
			name = Debug;
		};
		FD65BFC02DF1BCE4008E2479 /* Release */ = {
			isa = XCBuildConfiguration;
			buildSettings = {
				CODE_SIGN_STYLE = Automatic;
				CURRENT_PROJECT_VERSION = 1;
				GENERATE_INFOPLIST_FILE = YES;
				MARKETING_VERSION = 1.0;
				PRODUCT_BUNDLE_IDENTIFIER = wonjin.CityGuideAppUITests;
				PRODUCT_NAME = "$(TARGET_NAME)";
				SWIFT_EMIT_LOC_STRINGS = NO;
				SWIFT_VERSION = 5.0;
				TARGETED_DEVICE_FAMILY = "1,2";
				TEST_TARGET_NAME = CityGuideApp;
			};
			name = Release;
		};
/* End XCBuildConfiguration section */

/* Begin XCConfigurationList section */
		FD65BF882DF1BCE3008E2479 /* Build configuration list for PBXProject "CityGuideApp" */ = {
			isa = XCConfigurationList;
			buildConfigurations = (
				FD65BFB92DF1BCE4008E2479 /* Debug */,
				FD65BFBA2DF1BCE4008E2479 /* Release */,
			);
			defaultConfigurationIsVisible = 0;
			defaultConfigurationName = Release;
		};
		FD65BFB62DF1BCE4008E2479 /* Build configuration list for PBXNativeTarget "CityGuideApp" */ = {
			isa = XCConfigurationList;
			buildConfigurations = (
				FD65BFB72DF1BCE4008E2479 /* Debug */,
				FD65BFB82DF1BCE4008E2479 /* Release */,
			);
			defaultConfigurationIsVisible = 0;
			defaultConfigurationName = Release;
		};
		FD65BFBB2DF1BCE4008E2479 /* Build configuration list for PBXNativeTarget "CityGuideAppTests" */ = {
			isa = XCConfigurationList;
			buildConfigurations = (
				FD65BFBC2DF1BCE4008E2479 /* Debug */,
				FD65BFBD2DF1BCE4008E2479 /* Release */,
			);
			defaultConfigurationIsVisible = 0;
			defaultConfigurationName = Release;
		};
		FD65BFBE2DF1BCE4008E2479 /* Build configuration list for PBXNativeTarget "CityGuideAppUITests" */ = {
			isa = XCConfigurationList;
			buildConfigurations = (
				FD65BFBF2DF1BCE4008E2479 /* Debug */,
				FD65BFC02DF1BCE4008E2479 /* Release */,
			);
			defaultConfigurationIsVisible = 0;
			defaultConfigurationName = Release;
		};
/* End XCConfigurationList section */
	};
	rootObject = FD65BF852DF1BCE3008E2479 /* Project object */;
}
